
Microsoft Visual Studio Solution File, Format Version 12.00
# Visual Studio 15
VisualStudioVersion = 15.0.28307.779
MinimumVisualStudioVersion = 10.0.40219.1
Project("{2150E333-8FDC-42A3-9474-1A3956D46DE8}") = "01 - Services", "01 - Services", "{B1C50BE4-C972-49AE-A48C-625C553AE9EC}"
EndProject
Project("{2150E333-8FDC-42A3-9474-1A3956D46DE8}") = "01.1 - Host", "01.1 - Host", "{DE60AE55-716F-4685-A1B9-B54CCAFF8301}"
EndProject
Project("{FAE04EC0-301F-11D3-BF4B-00C04F79EFBC}") = "WebMotors.Services.Host", "src\WebMotors.Services.Host\WebMotors.Services.Host.csproj", "{BD02B970-3D81-4137-84D4-202FAB70ED89}"
EndProject
Project("{2150E333-8FDC-42A3-9474-1A3956D46DE8}") = "02 - Application", "02 - Application", "{8005CE68-B8D7-4917-B8F2-3C2DB82D4084}"
EndProject
Project("{2150E333-8FDC-42A3-9474-1A3956D46DE8}") = "03 - Domain", "03 - Domain", "{2DA11FF9-59D8-4C3A-A4A4-A66DE7786495}"
EndProject
Project("{2150E333-8FDC-42A3-9474-1A3956D46DE8}") = "04 - Infrastructure", "04 - Infrastructure", "{294730D2-45C4-42D8-BAAF-15AB4A278F44}"
EndProject
Global
	GlobalSection(SolutionConfigurationPlatforms) = preSolution
		Debug|Any CPU = Debug|Any CPU
		Release|Any CPU = Release|Any CPU
	EndGlobalSection
	GlobalSection(ProjectConfigurationPlatforms) = postSolution
		{BD02B970-3D81-4137-84D4-202FAB70ED89}.Debug|Any CPU.ActiveCfg = Debug|Any CPU
		{BD02B970-3D81-4137-84D4-202FAB70ED89}.Debug|Any CPU.Build.0 = Debug|Any CPU
		{BD02B970-3D81-4137-84D4-202FAB70ED89}.Release|Any CPU.ActiveCfg = Release|Any CPU
		{BD02B970-3D81-4137-84D4-202FAB70ED89}.Release|Any CPU.Build.0 = Release|Any CPU
	EndGlobalSection
	GlobalSection(SolutionProperties) = preSolution
		HideSolutionNode = FALSE
	EndGlobalSection
	GlobalSection(NestedProjects) = preSolution
		{DE60AE55-716F-4685-A1B9-B54CCAFF8301} = {B1C50BE4-C972-49AE-A48C-625C553AE9EC}
		{BD02B970-3D81-4137-84D4-202FAB70ED89} = {DE60AE55-716F-4685-A1B9-B54CCAFF8301}
	EndGlobalSection
	GlobalSection(ExtensibilityGlobals) = postSolution
		SolutionGuid = {7199C46B-AF77-43C8-8A91-5F94B0B1EC70}
	EndGlobalSection
EndGlobal
